// !$*UTF8*$!
{
	archiveVersion = 1;
	classes = {
	};
	objectVersion = 46;
	objects = {

/* Begin PBXBuildFile section */
		1515E5D51B44FEC600978907 /* bogocrypt.c in Sources */ = {isa = PBXBuildFile; fileRef = 1515E5C41B44FE2C00978907 /* bogocrypt.c */; };
		1515E5D61B44FEC600978907 /* main.c in Sources */ = {isa = PBXBuildFile; fileRef = 1515E5C71B44FE2C00978907 /* main.c */; };
/* End PBXBuildFile section */

/* Begin PBXCopyFilesBuildPhase section */
		1515E5CB1B44FEB200978907 /* CopyFiles */ = {
			isa = PBXCopyFilesBuildPhase;
			buildActionMask = 2147483647;
			dstPath = /usr/share/man/man1/;
			dstSubfolderSpec = 0;
			files = (
			);
			runOnlyForDeploymentPostprocessing = 1;
		};
/* End PBXCopyFilesBuildPhase section */

/* Begin PBXFileReference section */
		150A19FB1B50E8CA00396BAC /* README.md */ = {isa = PBXFileReference; lastKnownFileType = net.daringfireball.markdown; path = README.md; sourceTree = "<group>"; };
		1515E5C31B44FE2C00978907 /* bogocrypt */ = {isa = PBXFileReference; lastKnownFileType = "compiled.mach-o.executable"; path = bogocrypt; sourceTree = "<group>"; };
		1515E5C41B44FE2C00978907 /* bogocrypt.c */ = {isa = PBXFileReference; fileEncoding = 4; lastKnownFileType = sourcecode.c.c; path = bogocrypt.c; sourceTree = "<group>"; };
		1515E5C51B44FE2C00978907 /* bogocrypt.h */ = {isa = PBXFileReference; fileEncoding = 4; lastKnownFileType = sourcecode.c.h; path = bogocrypt.h; sourceTree = "<group>"; };
		1515E5C61B44FE2C00978907 /* CMakeLists.txt */ = {isa = PBXFileReference; fileEncoding = 4; lastKnownFileType = text; path = CMakeLists.txt; sourceTree = "<group>"; };
		1515E5C71B44FE2C00978907 /* main.c */ = {isa = PBXFileReference; fileEncoding = 4; lastKnownFileType = sourcecode.c.c; path = main.c; sourceTree = "<group>"; };
		1515E5C81B44FE2C00978907 /* Makefile */ = {isa = PBXFileReference; fileEncoding = 4; lastKnownFileType = sourcecode.make; path = Makefile; sourceTree = "<group>"; };
		1515E5CD1B44FEB200978907 /* bogocrypt-debug */ = {isa = PBXFileReference; explicitFileType = "compiled.mach-o.executable"; includeInIndex = 0; path = "bogocrypt-debug"; sourceTree = BUILT_PRODUCTS_DIR; };
/* End PBXFileReference section */

/* Begin PBXFrameworksBuildPhase section */
		1515E5CA1B44FEB200978907 /* Frameworks */ = {
			isa = PBXFrameworksBuildPhase;
			buildActionMask = 2147483647;
			files = (
			);
			runOnlyForDeploymentPostprocessing = 0;
		};
/* End PBXFrameworksBuildPhase section */

/* Begin PBXGroup section */
		1515E5B71B44FE1500978907 = {
			isa = PBXGroup;
			children = (
				150A19FB1B50E8CA00396BAC /* README.md */,
				1515E5C21B44FE2C00978907 /* bin */,
				1515E5C41B44FE2C00978907 /* bogocrypt.c */,
				1515E5C51B44FE2C00978907 /* bogocrypt.h */,
				1515E5C61B44FE2C00978907 /* CMakeLists.txt */,
				1515E5C71B44FE2C00978907 /* main.c */,
				1515E5C81B44FE2C00978907 /* Makefile */,
				1515E5CE1B44FEB200978907 /* Products */,
			);
			sourceTree = "<group>";
		};
		1515E5C21B44FE2C00978907 /* bin */ = {
			isa = PBXGroup;
			children = (
				1515E5C31B44FE2C00978907 /* bogocrypt */,
			);
			path = bin;
			sourceTree = "<group>";
		};
		1515E5CE1B44FEB200978907 /* Products */ = {
			isa = PBXGroup;
			children = (
				1515E5CD1B44FEB200978907 /* bogocrypt-debug */,
			);
			name = Products;
			sourceTree = "<group>";
		};
/* End PBXGroup section */

/* Begin PBXLegacyTarget section */
		1515E5BC1B44FE1500978907 /* bogocrypt */ = {
			isa = PBXLegacyTarget;
			buildArgumentsString = "$(ACTION)";
			buildConfigurationList = 1515E5BF1B44FE1500978907 /* Build configuration list for PBXLegacyTarget "bogocrypt" */;
			buildPhases = (
			);
			buildToolPath = /usr/bin/make;
			dependencies = (
			);
			name = bogocrypt;
			passBuildSettingsInEnvironment = 1;
			productName = bogocrypt;
		};
/* End PBXLegacyTarget section */

/* Begin PBXNativeTarget section */
		1515E5CC1B44FEB200978907 /* bogocrypt-debug */ = {
			isa = PBXNativeTarget;
			buildConfigurationList = 1515E5D21B44FEB200978907 /* Build configuration list for PBXNativeTarget "bogocrypt-debug" */;
			buildPhases = (
				1515E5C91B44FEB200978907 /* Sources */,
				1515E5CA1B44FEB200978907 /* Frameworks */,
				1515E5CB1B44FEB200978907 /* CopyFiles */,
			);
			buildRules = (
			);
			dependencies = (
			);
			name = "bogocrypt-debug";
			productName = "bogocrypt-debug";
			productReference = 1515E5CD1B44FEB200978907 /* bogocrypt-debug */;
			productType = "com.apple.product-type.tool";
		};
/* End PBXNativeTarget section */

/* Begin PBXProject section */
		1515E5B81B44FE1500978907 /* Project object */ = {
			isa = PBXProject;
			attributes = {
				LastUpgradeCheck = 0700;
				ORGANIZATIONNAME = "Bruno Philipe";
				TargetAttributes = {
					1515E5BC1B44FE1500978907 = {
						CreatedOnToolsVersion = 7.0;
					};
					1515E5CC1B44FEB200978907 = {
						CreatedOnToolsVersion = 7.0;
					};
				};
			};
			buildConfigurationList = 1515E5BB1B44FE1500978907 /* Build configuration list for PBXProject "bogocrypt" */;
			compatibilityVersion = "Xcode 3.2";
			developmentRegion = English;
			hasScannedForEncodings = 0;
			knownRegions = (
				en,
			);
			mainGroup = 1515E5B71B44FE1500978907;
			productRefGroup = 1515E5CE1B44FEB200978907 /* Products */;
			projectDirPath = "";
			projectRoot = "";
			targets = (
				1515E5BC1B44FE1500978907 /* bogocrypt */,
				1515E5CC1B44FEB200978907 /* bogocrypt-debug */,
			);
		};
/* End PBXProject section */

/* Begin PBXSourcesBuildPhase section */
		1515E5C91B44FEB200978907 /* Sources */ = {
			isa = PBXSourcesBuildPhase;
			buildActionMask = 2147483647;
			files = (
				1515E5D51B44FEC600978907 /* bogocrypt.c in Sources */,
				1515E5D61B44FEC600978907 /* main.c in Sources */,
			);
			runOnlyForDeploymentPostprocessing = 0;
		};
/* End PBXSourcesBuildPhase section */

/* Begin XCBuildConfiguration section */
		1515E5BD1B44FE1500978907 /* Debug */ = {
			isa = XCBuildConfiguration;
			buildSettings = {
				ALWAYS_SEARCH_USER_PATHS = NO;
				CLANG_CXX_LANGUAGE_STANDARD = "gnu++0x";
				CLANG_CXX_LIBRARY = "libc++";
				CLANG_ENABLE_MODULES = YES;
				CLANG_ENABLE_OBJC_ARC = YES;
				CLANG_WARN_BOOL_CONVERSION = YES;
				CLANG_WARN_CONSTANT_CONVERSION = YES;
				CLANG_WARN_DIRECT_OBJC_ISA_USAGE = YES_ERROR;
				CLANG_WARN_EMPTY_BODY = YES;
				CLANG_WARN_ENUM_CONVERSION = YES;
				CLANG_WARN_INT_CONVERSION = YES;
				CLANG_WARN_OBJC_ROOT_CLASS = YES_ERROR;
				CLANG_WARN_UNREACHABLE_CODE = YES;
				CLANG_WARN__DUPLICATE_METHOD_MATCH = YES;
				COPY_PHASE_STRIP = NO;
				DEBUG_INFORMATION_FORMAT = dwarf;
				ENABLE_STRICT_OBJC_MSGSEND = YES;
				ENABLE_TESTABILITY = YES;
				GCC_C_LANGUAGE_STANDARD = gnu99;
				GCC_DYNAMIC_NO_PIC = NO;
				GCC_NO_COMMON_BLOCKS = YES;
				GCC_OPTIMIZATION_LEVEL = 0;
				GCC_PREPROCESSOR_DEFINITIONS = (
					"DEBUG=1",
					"$(inherited)",
				);
				GCC_WARN_64_TO_32_BIT_CONVERSION = YES;
				GCC_WARN_ABOUT_RETURN_TYPE = YES_ERROR;
				GCC_WARN_UNDECLARED_SELECTOR = YES;
				GCC_WARN_UNINITIALIZED_AUTOS = YES_AGGRESSIVE;
				GCC_WARN_UNUSED_FUNCTION = YES;
				GCC_WARN_UNUSED_VARIABLE = YES;
				MACOSX_DEPLOYMENT_TARGET = 10.10;
				MTL_ENABLE_DEBUG_INFO = YES;
				ONLY_ACTIVE_ARCH = YES;
			};
			name = Debug;
		};
		1515E5BE1B44FE1500978907 /* Release */ = {
			isa = XCBuildConfiguration;
			buildSettings = {
				ALWAYS_SEARCH_USER_PATHS = NO;
				CLANG_CXX_LANGUAGE_STANDARD = "gnu++0x";
				CLANG_CXX_LIBRARY = "libc++";
				CLANG_ENABLE_MODULES = YES;
				CLANG_ENABLE_OBJC_ARC = YES;
				CLANG_WARN_BOOL_CONVERSION = YES;
				CLANG_WARN_CONSTANT_CONVERSION = YES;
				CLANG_WARN_DIRECT_OBJC_ISA_USAGE = YES_ERROR;
				CLANG_WARN_EMPTY_BODY = YES;
				CLANG_WARN_ENUM_CONVERSION = YES;
				CLANG_WARN_INT_CONVERSION = YES;
				CLANG_WARN_OBJC_ROOT_CLASS = YES_ERROR;
				CLANG_WARN_UNREACHABLE_CODE = YES;
				CLANG_WARN__DUPLICATE_METHOD_MATCH = YES;
				COPY_PHASE_STRIP = NO;
				DEBUG_INFORMATION_FORMAT = "dwarf-with-dsym";
				ENABLE_NS_ASSERTIONS = NO;
				ENABLE_STRICT_OBJC_MSGSEND = YES;
				GCC_C_LANGUAGE_STANDARD = gnu99;
				GCC_NO_COMMON_BLOCKS = YES;
				GCC_WARN_64_TO_32_BIT_CONVERSION = YES;
				GCC_WARN_ABOUT_RETURN_TYPE = YES_ERROR;
				GCC_WARN_UNDECLARED_SELECTOR = YES;
				GCC_WARN_UNINITIALIZED_AUTOS = YES_AGGRESSIVE;
				GCC_WARN_UNUSED_FUNCTION = YES;
				GCC_WARN_UNUSED_VARIABLE = YES;
				MACOSX_DEPLOYMENT_TARGET = 10.10;
				MTL_ENABLE_DEBUG_INFO = NO;
			};
			name = Release;
		};
		1515E5C01B44FE1500978907 /* Debug */ = {
			isa = XCBuildConfiguration;
			buildSettings = {
				DEBUGGING_SYMBOLS = YES;
				DEBUG_INFORMATION_FORMAT = dwarf;
				GCC_GENERATE_DEBUGGING_SYMBOLS = YES;
				GCC_OPTIMIZATION_LEVEL = 0;
				OTHER_CFLAGS = "";
				OTHER_LDFLAGS = "";
				PRODUCT_NAME = "$(TARGET_NAME)";
			};
			name = Debug;
		};
		1515E5C11B44FE1500978907 /* Release */ = {
			isa = XCBuildConfiguration;
			buildSettings = {
				DEBUG_INFORMATION_FORMAT = "dwarf-with-dsym";
				OTHER_CFLAGS = "";
				OTHER_LDFLAGS = "";
				PRODUCT_NAME = "$(TARGET_NAME)";
			};
			name = Release;
		};
		1515E5D31B44FEB200978907 /* Debug */ = {
			isa = XCBuildConfiguration;
			buildSettings = {
				PRODUCT_NAME = "$(TARGET_NAME)";
				SDKROOT = macosx;
			};
			name = Debug;
		};
		1515E5D41B44FEB200978907 /* Release */ = {
			isa = XCBuildConfiguration;
			buildSettings = {
				PRODUCT_NAME = "$(TARGET_NAME)";
				SDKROOT = macosx;
			};
			name = Release;
		};
/* End XCBuildConfiguration section */

/* Begin XCConfigurationList section */
		1515E5BB1B44FE1500978907 /* Build configuration list for PBXProject "bogocrypt" */ = {
			isa = XCConfigurationList;
			buildConfigurations = (
				1515E5BD1B44FE1500978907 /* Debug */,
				1515E5BE1B44FE1500978907 /* Release */,
			);
			defaultConfigurationIsVisible = 0;
			defaultConfigurationName = Release;
		};
		1515E5BF1B44FE1500978907 /* Build configuration list for PBXLegacyTarget "bogocrypt" */ = {
			isa = XCConfigurationList;
			buildConfigurations = (
				1515E5C01B44FE1500978907 /* Debug */,
				1515E5C11B44FE1500978907 /* Release */,
			);
			defaultConfigurationIsVisible = 0;
			defaultConfigurationName = Release;
		};
		1515E5D21B44FEB200978907 /* Build configuration list for PBXNativeTarget "bogocrypt-debug" */ = {
			isa = XCConfigurationList;
			buildConfigurations = (
				1515E5D31B44FEB200978907 /* Debug */,
				1515E5D41B44FEB200978907 /* Release */,
			);
			defaultConfigurationIsVisible = 0;
			defaultConfigurationName = Release;
		};
/* End XCConfigurationList section */
	};
	rootObject = 1515E5B81B44FE1500978907 /* Project object */;
}
